
Microsoft Visual Studio Solution File, Format Version 12.00
# Visual Studio 15
VisualStudioVersion = 15.0.26430.14
MinimumVisualStudioVersion = 10.0.40219.1
Project("{2150E333-8FDC-42A3-9474-1A3956D46DE8}") = "Memento", "Memento", "{709096FA-73AD-42FE-8CD4-F117D840983B}"
EndProject
Project("{2150E333-8FDC-42A3-9474-1A3956D46DE8}") = "Singleton", "Singleton", "{E8002552-489B-427E-BD7C-E00AA5ACB14F}"
EndProject
Project("{2150E333-8FDC-42A3-9474-1A3956D46DE8}") = "State", "State", "{153FD159-F7D8-4123-AFEC-0232441EC06B}"
EndProject
Project("{2150E333-8FDC-42A3-9474-1A3956D46DE8}") = "Chain of Responsibility", "Chain of Responsibility", "{18299AC7-1FE1-4C46-A21A-E091FA7F01CB}"
EndProject
Project("{2150E333-8FDC-42A3-9474-1A3956D46DE8}") = "Observer", "Observer", "{8E530099-0ADA-43C7-A0DC-017F551C5243}"
EndProject
Project("{2150E333-8FDC-42A3-9474-1A3956D46DE8}") = "Interpreter", "Interpreter", "{96A90978-F87D-4BF5-AAD5-96BD2D59C480}"
EndProject
Project("{2150E333-8FDC-42A3-9474-1A3956D46DE8}") = "Strategy", "Strategy", "{8277EC96-8B6F-4CF4-84DD-C31F1FF03571}"
EndProject
Project("{2150E333-8FDC-42A3-9474-1A3956D46DE8}") = "Iterator", "Iterator", "{9F29F938-9176-4C0E-83EE-E19C1ACB06D7}"
EndProject
Project("{2150E333-8FDC-42A3-9474-1A3956D46DE8}") = "Template Method", "Template Method", "{5D6158C9-A371-4ED4-AB0C-C9EA144F1350}"
EndProject
Project("{2150E333-8FDC-42A3-9474-1A3956D46DE8}") = "Mediator", "Mediator", "{C934691D-E0D2-471F-B735-654C1B01041F}"
EndProject
Project("{2150E333-8FDC-42A3-9474-1A3956D46DE8}") = "Visitor", "Visitor", "{2DFEB8C6-961D-47B5-A43B-20135668AA19}"
EndProject
Project("{2150E333-8FDC-42A3-9474-1A3956D46DE8}") = "Adapter", "Adapter", "{7F685748-7A24-4A74-914D-310002DF0A0E}"
EndProject
Project("{2150E333-8FDC-42A3-9474-1A3956D46DE8}") = "Proxy", "Proxy", "{EBC2CCEE-2534-4013-921D-E1083023DA50}"
EndProject
Project("{2150E333-8FDC-42A3-9474-1A3956D46DE8}") = "Bridge", "Bridge", "{55449FE6-E233-4582-8922-35E3240CFDD7}"
EndProject
Project("{2150E333-8FDC-42A3-9474-1A3956D46DE8}") = "Abstract Factory", "Abstract Factory", "{768718C5-2770-4944-B7D0-6F5B764BB070}"
EndProject
Project("{2150E333-8FDC-42A3-9474-1A3956D46DE8}") = "Composite", "Composite", "{0E8A1E28-A85D-4979-A754-54A97FAE7602}"
EndProject
Project("{2150E333-8FDC-42A3-9474-1A3956D46DE8}") = "Builder", "Builder", "{B2A699D9-B440-4EFC-A4B8-3C732A77D73E}"
EndProject
Project("{2150E333-8FDC-42A3-9474-1A3956D46DE8}") = "Decorator", "Decorator", "{79ED3BAA-03AD-45CF-8C9D-8F93B3B6CABD}"
EndProject
Project("{2150E333-8FDC-42A3-9474-1A3956D46DE8}") = "Factory Method", "Factory Method", "{77961F97-3E56-46D9-9B2D-C19773D3F01A}"
EndProject
Project("{2150E333-8FDC-42A3-9474-1A3956D46DE8}") = "Facade", "Facade", "{4E9CE751-85A7-444E-A0C1-8FF77933D3B4}"
EndProject
Project("{2150E333-8FDC-42A3-9474-1A3956D46DE8}") = "Prototype", "Prototype", "{D75AF0B4-3736-4DF6-A8B1-ACC5847E821C}"
EndProject
Project("{2150E333-8FDC-42A3-9474-1A3956D46DE8}") = "Flyweight", "Flyweight", "{EF37565C-4295-4A64-9D9E-22E4E755AE39}"
EndProject
Project("{2150E333-8FDC-42A3-9474-1A3956D46DE8}") = "Command", "Command", "{894B930B-7D54-4F3D-A577-0E0E7244393B}"
EndProject
Project("{FAE04EC0-301F-11D3-BF4B-00C04F79EFBC}") = "Command", "Command\Command\Command.csproj", "{E8A94AB1-9DF8-407E-B4F0-CF03FA32B50E}"
EndProject
Project("{FAE04EC0-301F-11D3-BF4B-00C04F79EFBC}") = "Visitor", "Visitor\Visitor.csproj", "{C6087A86-7B06-4BCA-9CC4-6389377DD688}"
EndProject
Project("{FAE04EC0-301F-11D3-BF4B-00C04F79EFBC}") = "Strategy", "Strategy\Strategy.csproj", "{340F1977-AC27-43C7-B817-39AEF9988781}"
EndProject
Project("{FAE04EC0-301F-11D3-BF4B-00C04F79EFBC}") = "Composite", "Composite\Composite.csproj", "{8225F272-D74A-42DC-94A3-4254C11710DD}"
EndProject
Project("{FAE04EC0-301F-11D3-BF4B-00C04F79EFBC}") = "Decorator", "Decorator\Decorator.csproj", "{D23AE4C1-6600-4CF9-A8D7-DEB2B12A3BA8}"
EndProject
Project("{FAE04EC0-301F-11D3-BF4B-00C04F79EFBC}") = "Proxy", "Proxy\Proxy.csproj", "{78017E1B-3499-4ADC-8431-F4E141F9A16D}"
EndProject
Project("{FAE04EC0-301F-11D3-BF4B-00C04F79EFBC}") = "Adapter", "Adapter\Adapter.csproj", "{74468A1F-12DE-4561-800B-EADBE337F405}"
EndProject
Project("{FAE04EC0-301F-11D3-BF4B-00C04F79EFBC}") = "Iterator", "Iterator\Iterator.csproj", "{3696F620-5C6C-489C-B194-83D5C29D350C}"
EndProject
Project("{FAE04EC0-301F-11D3-BF4B-00C04F79EFBC}") = "Prototype", "Prototype\Prototype.csproj", "{67E174C2-4A2D-4A28-9539-64AE7BD91A3B}"
EndProject
Project("{FAE04EC0-301F-11D3-BF4B-00C04F79EFBC}") = "Factory Method", "Factory Method\Factory Method.csproj", "{C17EC3E2-3F17-4CCC-87FF-AE8CEB05C082}"
EndProject
Project("{FAE04EC0-301F-11D3-BF4B-00C04F79EFBC}") = "Singleton", "Singleton\Singleton.csproj", "{161F8A90-D0A1-4338-BD47-42E940BEF099}"
EndProject
Project("{FAE04EC0-301F-11D3-BF4B-00C04F79EFBC}") = "Observer", "Observer\Observer.csproj", "{EE2FA9BD-3F39-4E54-BFC2-5F49E6DE3879}"
EndProject
Project("{FAE04EC0-301F-11D3-BF4B-00C04F79EFBC}") = "Interpreter", "Interpreter\Interpreter.csproj", "{8C98E197-405B-4A2F-9ED6-7F21D17EA0FD}"
EndProject
Project("{FAE04EC0-301F-11D3-BF4B-00C04F79EFBC}") = "State", "State\State.csproj", "{FBC214D3-8165-4FE7-8E1A-D3BAE90CF6BF}"
EndProject
Project("{FAE04EC0-301F-11D3-BF4B-00C04F79EFBC}") = "Bridge", "Bridge\Bridge.csproj", "{908E5987-81B8-4AA3-BC2D-5DA1C49FECBE}"
EndProject
Project("{FAE04EC0-301F-11D3-BF4B-00C04F79EFBC}") = "AbstractFactory", "AbstractFactory\AbstractFactory.csproj", "{3D396C3C-C45E-4EA0-83B6-5AE258AE9844}"
EndProject
Project("{FAE04EC0-301F-11D3-BF4B-00C04F79EFBC}") = "Builder", "Builder\Builder.csproj", "{E047AAFF-4FFB-4C8E-AE12-3B97F0515B82}"
EndProject
Project("{FAE04EC0-301F-11D3-BF4B-00C04F79EFBC}") = "Chain of Responsibility", "Chain of Responsibility\Chain of Responsibility.csproj", "{ABF8312C-F807-4EDF-B236-98B88903315E}"
EndProject
Project("{FAE04EC0-301F-11D3-BF4B-00C04F79EFBC}") = "Template Method", "Template Method\Template Method.csproj", "{23D532AA-BC6B-4CE9-B3A8-1888FE80172B}"
EndProject
Global
	GlobalSection(SolutionConfigurationPlatforms) = preSolution
		Debug|Any CPU = Debug|Any CPU
		Release|Any CPU = Release|Any CPU
	EndGlobalSection
	GlobalSection(ProjectConfigurationPlatforms) = postSolution
		{E8A94AB1-9DF8-407E-B4F0-CF03FA32B50E}.Debug|Any CPU.ActiveCfg = Debug|Any CPU
		{E8A94AB1-9DF8-407E-B4F0-CF03FA32B50E}.Debug|Any CPU.Build.0 = Debug|Any CPU
		{E8A94AB1-9DF8-407E-B4F0-CF03FA32B50E}.Release|Any CPU.ActiveCfg = Release|Any CPU
		{E8A94AB1-9DF8-407E-B4F0-CF03FA32B50E}.Release|Any CPU.Build.0 = Release|Any CPU
		{C6087A86-7B06-4BCA-9CC4-6389377DD688}.Debug|Any CPU.ActiveCfg = Debug|Any CPU
		{C6087A86-7B06-4BCA-9CC4-6389377DD688}.Debug|Any CPU.Build.0 = Debug|Any CPU
		{C6087A86-7B06-4BCA-9CC4-6389377DD688}.Release|Any CPU.ActiveCfg = Release|Any CPU
		{C6087A86-7B06-4BCA-9CC4-6389377DD688}.Release|Any CPU.Build.0 = Release|Any CPU
		{340F1977-AC27-43C7-B817-39AEF9988781}.Debug|Any CPU.ActiveCfg = Debug|Any CPU
		{340F1977-AC27-43C7-B817-39AEF9988781}.Debug|Any CPU.Build.0 = Debug|Any CPU
		{340F1977-AC27-43C7-B817-39AEF9988781}.Release|Any CPU.ActiveCfg = Release|Any CPU
		{340F1977-AC27-43C7-B817-39AEF9988781}.Release|Any CPU.Build.0 = Release|Any CPU
		{8225F272-D74A-42DC-94A3-4254C11710DD}.Debug|Any CPU.ActiveCfg = Debug|Any CPU
		{8225F272-D74A-42DC-94A3-4254C11710DD}.Debug|Any CPU.Build.0 = Debug|Any CPU
		{8225F272-D74A-42DC-94A3-4254C11710DD}.Release|Any CPU.ActiveCfg = Release|Any CPU
		{8225F272-D74A-42DC-94A3-4254C11710DD}.Release|Any CPU.Build.0 = Release|Any CPU
		{D23AE4C1-6600-4CF9-A8D7-DEB2B12A3BA8}.Debug|Any CPU.ActiveCfg = Debug|Any CPU
		{D23AE4C1-6600-4CF9-A8D7-DEB2B12A3BA8}.Debug|Any CPU.Build.0 = Debug|Any CPU
		{D23AE4C1-6600-4CF9-A8D7-DEB2B12A3BA8}.Release|Any CPU.ActiveCfg = Release|Any CPU
		{D23AE4C1-6600-4CF9-A8D7-DEB2B12A3BA8}.Release|Any CPU.Build.0 = Release|Any CPU
		{78017E1B-3499-4ADC-8431-F4E141F9A16D}.Debug|Any CPU.ActiveCfg = Debug|Any CPU
		{78017E1B-3499-4ADC-8431-F4E141F9A16D}.Debug|Any CPU.Build.0 = Debug|Any CPU
		{78017E1B-3499-4ADC-8431-F4E141F9A16D}.Release|Any CPU.ActiveCfg = Release|Any CPU
		{78017E1B-3499-4ADC-8431-F4E141F9A16D}.Release|Any CPU.Build.0 = Release|Any CPU
		{74468A1F-12DE-4561-800B-EADBE337F405}.Debug|Any CPU.ActiveCfg = Debug|Any CPU
		{74468A1F-12DE-4561-800B-EADBE337F405}.Debug|Any CPU.Build.0 = Debug|Any CPU
		{74468A1F-12DE-4561-800B-EADBE337F405}.Release|Any CPU.ActiveCfg = Release|Any CPU
		{74468A1F-12DE-4561-800B-EADBE337F405}.Release|Any CPU.Build.0 = Release|Any CPU
		{3696F620-5C6C-489C-B194-83D5C29D350C}.Debug|Any CPU.ActiveCfg = Debug|Any CPU
		{3696F620-5C6C-489C-B194-83D5C29D350C}.Debug|Any CPU.Build.0 = Debug|Any CPU
		{3696F620-5C6C-489C-B194-83D5C29D350C}.Release|Any CPU.ActiveCfg = Release|Any CPU
		{3696F620-5C6C-489C-B194-83D5C29D350C}.Release|Any CPU.Build.0 = Release|Any CPU
		{67E174C2-4A2D-4A28-9539-64AE7BD91A3B}.Debug|Any CPU.ActiveCfg = Debug|Any CPU
		{67E174C2-4A2D-4A28-9539-64AE7BD91A3B}.Debug|Any CPU.Build.0 = Debug|Any CPU
		{67E174C2-4A2D-4A28-9539-64AE7BD91A3B}.Release|Any CPU.ActiveCfg = Release|Any CPU
		{67E174C2-4A2D-4A28-9539-64AE7BD91A3B}.Release|Any CPU.Build.0 = Release|Any CPU
		{C17EC3E2-3F17-4CCC-87FF-AE8CEB05C082}.Debug|Any CPU.ActiveCfg = Debug|Any CPU
		{C17EC3E2-3F17-4CCC-87FF-AE8CEB05C082}.Debug|Any CPU.Build.0 = Debug|Any CPU
		{C17EC3E2-3F17-4CCC-87FF-AE8CEB05C082}.Release|Any CPU.ActiveCfg = Release|Any CPU
		{C17EC3E2-3F17-4CCC-87FF-AE8CEB05C082}.Release|Any CPU.Build.0 = Release|Any CPU
		{161F8A90-D0A1-4338-BD47-42E940BEF099}.Debug|Any CPU.ActiveCfg = Debug|Any CPU
		{161F8A90-D0A1-4338-BD47-42E940BEF099}.Debug|Any CPU.Build.0 = Debug|Any CPU
		{161F8A90-D0A1-4338-BD47-42E940BEF099}.Release|Any CPU.ActiveCfg = Release|Any CPU
		{161F8A90-D0A1-4338-BD47-42E940BEF099}.Release|Any CPU.Build.0 = Release|Any CPU
		{EE2FA9BD-3F39-4E54-BFC2-5F49E6DE3879}.Debug|Any CPU.ActiveCfg = Debug|Any CPU
		{EE2FA9BD-3F39-4E54-BFC2-5F49E6DE3879}.Debug|Any CPU.Build.0 = Debug|Any CPU
		{EE2FA9BD-3F39-4E54-BFC2-5F49E6DE3879}.Release|Any CPU.ActiveCfg = Release|Any CPU
		{EE2FA9BD-3F39-4E54-BFC2-5F49E6DE3879}.Release|Any CPU.Build.0 = Release|Any CPU
		{8C98E197-405B-4A2F-9ED6-7F21D17EA0FD}.Debug|Any CPU.ActiveCfg = Debug|Any CPU
		{8C98E197-405B-4A2F-9ED6-7F21D17EA0FD}.Debug|Any CPU.Build.0 = Debug|Any CPU
		{8C98E197-405B-4A2F-9ED6-7F21D17EA0FD}.Release|Any CPU.ActiveCfg = Release|Any CPU
		{8C98E197-405B-4A2F-9ED6-7F21D17EA0FD}.Release|Any CPU.Build.0 = Release|Any CPU
		{FBC214D3-8165-4FE7-8E1A-D3BAE90CF6BF}.Debug|Any CPU.ActiveCfg = Debug|Any CPU
		{FBC214D3-8165-4FE7-8E1A-D3BAE90CF6BF}.Debug|Any CPU.Build.0 = Debug|Any CPU
		{FBC214D3-8165-4FE7-8E1A-D3BAE90CF6BF}.Release|Any CPU.ActiveCfg = Release|Any CPU
		{FBC214D3-8165-4FE7-8E1A-D3BAE90CF6BF}.Release|Any CPU.Build.0 = Release|Any CPU
		{908E5987-81B8-4AA3-BC2D-5DA1C49FECBE}.Debug|Any CPU.ActiveCfg = Debug|Any CPU
		{908E5987-81B8-4AA3-BC2D-5DA1C49FECBE}.Debug|Any CPU.Build.0 = Debug|Any CPU
		{908E5987-81B8-4AA3-BC2D-5DA1C49FECBE}.Release|Any CPU.ActiveCfg = Release|Any CPU
		{908E5987-81B8-4AA3-BC2D-5DA1C49FECBE}.Release|Any CPU.Build.0 = Release|Any CPU
		{3D396C3C-C45E-4EA0-83B6-5AE258AE9844}.Debug|Any CPU.ActiveCfg = Debug|Any CPU
		{3D396C3C-C45E-4EA0-83B6-5AE258AE9844}.Debug|Any CPU.Build.0 = Debug|Any CPU
		{3D396C3C-C45E-4EA0-83B6-5AE258AE9844}.Release|Any CPU.ActiveCfg = Release|Any CPU
		{3D396C3C-C45E-4EA0-83B6-5AE258AE9844}.Release|Any CPU.Build.0 = Release|Any CPU
		{E047AAFF-4FFB-4C8E-AE12-3B97F0515B82}.Debug|Any CPU.ActiveCfg = Debug|Any CPU
		{E047AAFF-4FFB-4C8E-AE12-3B97F0515B82}.Debug|Any CPU.Build.0 = Debug|Any CPU
		{E047AAFF-4FFB-4C8E-AE12-3B97F0515B82}.Release|Any CPU.ActiveCfg = Release|Any CPU
		{E047AAFF-4FFB-4C8E-AE12-3B97F0515B82}.Release|Any CPU.Build.0 = Release|Any CPU
		{ABF8312C-F807-4EDF-B236-98B88903315E}.Debug|Any CPU.ActiveCfg = Debug|Any CPU
		{ABF8312C-F807-4EDF-B236-98B88903315E}.Debug|Any CPU.Build.0 = Debug|Any CPU
		{ABF8312C-F807-4EDF-B236-98B88903315E}.Release|Any CPU.ActiveCfg = Release|Any CPU
		{ABF8312C-F807-4EDF-B236-98B88903315E}.Release|Any CPU.Build.0 = Release|Any CPU
		{23D532AA-BC6B-4CE9-B3A8-1888FE80172B}.Debug|Any CPU.ActiveCfg = Debug|Any CPU
		{23D532AA-BC6B-4CE9-B3A8-1888FE80172B}.Debug|Any CPU.Build.0 = Debug|Any CPU
		{23D532AA-BC6B-4CE9-B3A8-1888FE80172B}.Release|Any CPU.ActiveCfg = Release|Any CPU
		{23D532AA-BC6B-4CE9-B3A8-1888FE80172B}.Release|Any CPU.Build.0 = Release|Any CPU
	EndGlobalSection
	GlobalSection(SolutionProperties) = preSolution
		HideSolutionNode = FALSE
	EndGlobalSection
	GlobalSection(NestedProjects) = preSolution
		{E8A94AB1-9DF8-407E-B4F0-CF03FA32B50E} = {894B930B-7D54-4F3D-A577-0E0E7244393B}
		{C6087A86-7B06-4BCA-9CC4-6389377DD688} = {2DFEB8C6-961D-47B5-A43B-20135668AA19}
		{340F1977-AC27-43C7-B817-39AEF9988781} = {8277EC96-8B6F-4CF4-84DD-C31F1FF03571}
		{8225F272-D74A-42DC-94A3-4254C11710DD} = {0E8A1E28-A85D-4979-A754-54A97FAE7602}
		{D23AE4C1-6600-4CF9-A8D7-DEB2B12A3BA8} = {79ED3BAA-03AD-45CF-8C9D-8F93B3B6CABD}
		{78017E1B-3499-4ADC-8431-F4E141F9A16D} = {EBC2CCEE-2534-4013-921D-E1083023DA50}
		{74468A1F-12DE-4561-800B-EADBE337F405} = {7F685748-7A24-4A74-914D-310002DF0A0E}
		{3696F620-5C6C-489C-B194-83D5C29D350C} = {9F29F938-9176-4C0E-83EE-E19C1ACB06D7}
		{67E174C2-4A2D-4A28-9539-64AE7BD91A3B} = {D75AF0B4-3736-4DF6-A8B1-ACC5847E821C}
		{C17EC3E2-3F17-4CCC-87FF-AE8CEB05C082} = {77961F97-3E56-46D9-9B2D-C19773D3F01A}
		{161F8A90-D0A1-4338-BD47-42E940BEF099} = {E8002552-489B-427E-BD7C-E00AA5ACB14F}
		{EE2FA9BD-3F39-4E54-BFC2-5F49E6DE3879} = {8E530099-0ADA-43C7-A0DC-017F551C5243}
		{8C98E197-405B-4A2F-9ED6-7F21D17EA0FD} = {96A90978-F87D-4BF5-AAD5-96BD2D59C480}
		{FBC214D3-8165-4FE7-8E1A-D3BAE90CF6BF} = {153FD159-F7D8-4123-AFEC-0232441EC06B}
		{908E5987-81B8-4AA3-BC2D-5DA1C49FECBE} = {55449FE6-E233-4582-8922-35E3240CFDD7}
		{3D396C3C-C45E-4EA0-83B6-5AE258AE9844} = {768718C5-2770-4944-B7D0-6F5B764BB070}
		{E047AAFF-4FFB-4C8E-AE12-3B97F0515B82} = {B2A699D9-B440-4EFC-A4B8-3C732A77D73E}
		{ABF8312C-F807-4EDF-B236-98B88903315E} = {18299AC7-1FE1-4C46-A21A-E091FA7F01CB}
		{23D532AA-BC6B-4CE9-B3A8-1888FE80172B} = {5D6158C9-A371-4ED4-AB0C-C9EA144F1350}
	EndGlobalSection
EndGlobal
